
Microsoft Visual Studio Solution File, Format Version 12.00
# Visual Studio Version 17
VisualStudioVersion = 17.8.34525.116
MinimumVisualStudioVersion = 10.0.40219.1
Project("{FAE04EC0-301F-11D3-BF4B-00C04F79EFBC}") = "FileOrganizer", "FileOrganizer\FileOrganizer.csproj", "{1D9CEC3C-D617-442E-B0C7-6E3BAF8B4C96}"
EndProject
Global
	GlobalSection(SolutionConfigurationPlatforms) = preSolution
		Debug|Any CPU = Debug|Any CPU
		Release|Any CPU = Release|Any CPU
	EndGlobalSection
	GlobalSection(ProjectConfigurationPlatforms) = postSolution
		{1D9CEC3C-D617-442E-B0C7-6E3BAF8B4C96}.Debug|Any CPU.ActiveCfg = Debug|Any CPU
		{1D9CEC3C-D617-442E-B0C7-6E3BAF8B4C96}.Debug|Any CPU.Build.0 = Debug|Any CPU
		{1D9CEC3C-D617-442E-B0C7-6E3BAF8B4C96}.Release|Any CPU.ActiveCfg = Release|Any CPU
		{1D9CEC3C-D617-442E-B0C7-6E3BAF8B4C96}.Release|Any CPU.Build.0 = Release|Any CPU
	EndGlobalSection
	GlobalSection(SolutionProperties) = preSolution
		HideSolutionNode = FALSE
	EndGlobalSection
	GlobalSection(ExtensibilityGlobals) = postSolution
		SolutionGuid = {EB4F7A87-7105-4EF7-BC25-C723081ABC93}
	EndGlobalSection
EndGlobal
